
Microsoft Visual Studio Solution File, Format Version 12.00
# Visual Studio Version 17
VisualStudioVersion = 17.0.32126.317
MinimumVisualStudioVersion = 10.0.40219.1
Project("{9A19103F-16F7-4668-BE54-9A1E7A4F7556}") = "WareHouse", "WareHouse\WareHouse.csproj", "{BCF828BF-49DA-4E81-8CB6-49AB1B9A08D3}"
EndProject
Project("{FAE04EC0-301F-11D3-BF4B-00C04F79EFBC}") = "WareHouse.DataAccess", "WareHouse.DataAccess\WareHouse.DataAccess.csproj", "{3A8DEDF1-F108-445F-A9DF-62EDAD5DC703}"
EndProject
Project("{FAE04EC0-301F-11D3-BF4B-00C04F79EFBC}") = "WareHouse.Services", "WareHouse.Services\WareHouse.Services.csproj", "{5744763F-9D5F-483F-8E50-F9E5C917EFB7}"
EndProject
Project("{FAE04EC0-301F-11D3-BF4B-00C04F79EFBC}") = "WareHouse.Models", "WareHouse.Models\WareHouse.Models.csproj", "{9088F474-C72B-4CAF-BE2D-8033104D44EC}"
EndProject
Global
	GlobalSection(SolutionConfigurationPlatforms) = preSolution
		Debug|Any CPU = Debug|Any CPU
		Release|Any CPU = Release|Any CPU
	EndGlobalSection
	GlobalSection(ProjectConfigurationPlatforms) = postSolution
		{BCF828BF-49DA-4E81-8CB6-49AB1B9A08D3}.Debug|Any CPU.ActiveCfg = Debug|Any CPU
		{BCF828BF-49DA-4E81-8CB6-49AB1B9A08D3}.Debug|Any CPU.Build.0 = Debug|Any CPU
		{BCF828BF-49DA-4E81-8CB6-49AB1B9A08D3}.Release|Any CPU.ActiveCfg = Release|Any CPU
		{BCF828BF-49DA-4E81-8CB6-49AB1B9A08D3}.Release|Any CPU.Build.0 = Release|Any CPU
		{3A8DEDF1-F108-445F-A9DF-62EDAD5DC703}.Debug|Any CPU.ActiveCfg = Debug|Any CPU
		{3A8DEDF1-F108-445F-A9DF-62EDAD5DC703}.Debug|Any CPU.Build.0 = Debug|Any CPU
		{3A8DEDF1-F108-445F-A9DF-62EDAD5DC703}.Release|Any CPU.ActiveCfg = Release|Any CPU
		{3A8DEDF1-F108-445F-A9DF-62EDAD5DC703}.Release|Any CPU.Build.0 = Release|Any CPU
		{5744763F-9D5F-483F-8E50-F9E5C917EFB7}.Debug|Any CPU.ActiveCfg = Debug|Any CPU
		{5744763F-9D5F-483F-8E50-F9E5C917EFB7}.Debug|Any CPU.Build.0 = Debug|Any CPU
		{5744763F-9D5F-483F-8E50-F9E5C917EFB7}.Release|Any CPU.ActiveCfg = Release|Any CPU
		{5744763F-9D5F-483F-8E50-F9E5C917EFB7}.Release|Any CPU.Build.0 = Release|Any CPU
		{9088F474-C72B-4CAF-BE2D-8033104D44EC}.Debug|Any CPU.ActiveCfg = Debug|Any CPU
		{9088F474-C72B-4CAF-BE2D-8033104D44EC}.Debug|Any CPU.Build.0 = Debug|Any CPU
		{9088F474-C72B-4CAF-BE2D-8033104D44EC}.Release|Any CPU.ActiveCfg = Release|Any CPU
		{9088F474-C72B-4CAF-BE2D-8033104D44EC}.Release|Any CPU.Build.0 = Release|Any CPU
	EndGlobalSection
	GlobalSection(SolutionProperties) = preSolution
		HideSolutionNode = FALSE
	EndGlobalSection
	GlobalSection(ExtensibilityGlobals) = postSolution
		SolutionGuid = {428001B3-5DB4-4BFD-9EFD-457412B079EC}
	EndGlobalSection
EndGlobal
